// !$*UTF8*$!
{
	archiveVersion = 1;
	classes = {
	};
	objectVersion = 46;
	objects = {

/* Begin PBXBuildFile section */
		178B720B1C93EFB300B5947A /* main.m in Sources */ = {isa = PBXBuildFile; fileRef = 178B720A1C93EFB300B5947A /* main.m */; };
		178B720E1C93EFB300B5947A /* AppDelegate.m in Sources */ = {isa = PBXBuildFile; fileRef = 178B720D1C93EFB300B5947A /* AppDelegate.m */; };
		178B72111C93EFB300B5947A /* LoginViewController.m in Sources */ = {isa = PBXBuildFile; fileRef = 178B72101C93EFB300B5947A /* LoginViewController.m */; };
		178B72141C93EFB300B5947A /* Main.storyboard in Resources */ = {isa = PBXBuildFile; fileRef = 178B72121C93EFB300B5947A /* Main.storyboard */; };
		178B72161C93EFB300B5947A /* Assets.xcassets in Resources */ = {isa = PBXBuildFile; fileRef = 178B72151C93EFB300B5947A /* Assets.xcassets */; };
		178B72191C93EFB300B5947A /* LaunchScreen.storyboard in Resources */ = {isa = PBXBuildFile; fileRef = 178B72171C93EFB300B5947A /* LaunchScreen.storyboard */; };
		178B72241C940AE700B5947A /* SignUp.storyboard in Resources */ = {isa = PBXBuildFile; fileRef = 178B72231C940AE700B5947A /* SignUp.storyboard */; };
		178B72271C940D9A00B5947A /* SignUpViewController.m in Sources */ = {isa = PBXBuildFile; fileRef = 178B72261C940D9A00B5947A /* SignUpViewController.m */; };
		178B722A1C94129D00B5947A /* LocationViewController.m in Sources */ = {isa = PBXBuildFile; fileRef = 178B72291C94129D00B5947A /* LocationViewController.m */; };
		178B722D1C9412B800B5947A /* SecurityViewController.m in Sources */ = {isa = PBXBuildFile; fileRef = 178B722C1C9412B800B5947A /* SecurityViewController.m */; };
/* End PBXBuildFile section */

/* Begin PBXFileReference section */
		178B72061C93EFB300B5947A /* LoginDemo.app */ = {isa = PBXFileReference; explicitFileType = wrapper.application; includeInIndex = 0; path = LoginDemo.app; sourceTree = BUILT_PRODUCTS_DIR; };
		178B720A1C93EFB300B5947A /* main.m */ = {isa = PBXFileReference; lastKnownFileType = sourcecode.c.objc; path = main.m; sourceTree = "<group>"; };
		178B720C1C93EFB300B5947A /* AppDelegate.h */ = {isa = PBXFileReference; lastKnownFileType = sourcecode.c.h; path = AppDelegate.h; sourceTree = "<group>"; };
		178B720D1C93EFB300B5947A /* AppDelegate.m */ = {isa = PBXFileReference; lastKnownFileType = sourcecode.c.objc; path = AppDelegate.m; sourceTree = "<group>"; };
		178B720F1C93EFB300B5947A /* LoginViewController.h */ = {isa = PBXFileReference; lastKnownFileType = sourcecode.c.h; path = LoginViewController.h; sourceTree = "<group>"; };
		178B72101C93EFB300B5947A /* LoginViewController.m */ = {isa = PBXFileReference; lastKnownFileType = sourcecode.c.objc; path = LoginViewController.m; sourceTree = "<group>"; };
		178B72131C93EFB300B5947A /* Base */ = {isa = PBXFileReference; lastKnownFileType = file.storyboard; name = Base; path = Base.lproj/Main.storyboard; sourceTree = "<group>"; };
		178B72151C93EFB300B5947A /* Assets.xcassets */ = {isa = PBXFileReference; lastKnownFileType = folder.assetcatalog; path = Assets.xcassets; sourceTree = "<group>"; };
		178B72181C93EFB300B5947A /* Base */ = {isa = PBXFileReference; lastKnownFileType = file.storyboard; name = Base; path = Base.lproj/LaunchScreen.storyboard; sourceTree = "<group>"; };
		178B721A1C93EFB300B5947A /* Info.plist */ = {isa = PBXFileReference; lastKnownFileType = text.plist.xml; path = Info.plist; sourceTree = "<group>"; };
		178B72231C940AE700B5947A /* SignUp.storyboard */ = {isa = PBXFileReference; fileEncoding = 4; lastKnownFileType = file.storyboard; path = SignUp.storyboard; sourceTree = "<group>"; };
		178B72251C940D9A00B5947A /* SignUpViewController.h */ = {isa = PBXFileReference; fileEncoding = 4; lastKnownFileType = sourcecode.c.h; path = SignUpViewController.h; sourceTree = "<group>"; };
		178B72261C940D9A00B5947A /* SignUpViewController.m */ = {isa = PBXFileReference; fileEncoding = 4; lastKnownFileType = sourcecode.c.objc; path = SignUpViewController.m; sourceTree = "<group>"; };
		178B72281C94129D00B5947A /* LocationViewController.h */ = {isa = PBXFileReference; fileEncoding = 4; lastKnownFileType = sourcecode.c.h; path = LocationViewController.h; sourceTree = "<group>"; };
		178B72291C94129D00B5947A /* LocationViewController.m */ = {isa = PBXFileReference; fileEncoding = 4; lastKnownFileType = sourcecode.c.objc; path = LocationViewController.m; sourceTree = "<group>"; };
		178B722B1C9412B800B5947A /* SecurityViewController.h */ = {isa = PBXFileReference; fileEncoding = 4; lastKnownFileType = sourcecode.c.h; path = SecurityViewController.h; sourceTree = "<group>"; };
		178B722C1C9412B800B5947A /* SecurityViewController.m */ = {isa = PBXFileReference; fileEncoding = 4; lastKnownFileType = sourcecode.c.objc; path = SecurityViewController.m; sourceTree = "<group>"; };
/* End PBXFileReference section */

/* Begin PBXFrameworksBuildPhase section */
		178B72031C93EFB300B5947A /* Frameworks */ = {
			isa = PBXFrameworksBuildPhase;
			buildActionMask = 2147483647;
			files = (
			);
			runOnlyForDeploymentPostprocessing = 0;
		};
/* End PBXFrameworksBuildPhase section */

/* Begin PBXGroup section */
		178B71FD1C93EFB300B5947A = {
			isa = PBXGroup;
			children = (
				178B72081C93EFB300B5947A /* LoginDemo */,
				178B72071C93EFB300B5947A /* Products */,
			);
			sourceTree = "<group>";
		};
		178B72071C93EFB300B5947A /* Products */ = {
			isa = PBXGroup;
			children = (
				178B72061C93EFB300B5947A /* LoginDemo.app */,
			);
			name = Products;
			sourceTree = "<group>";
		};
		178B72081C93EFB300B5947A /* LoginDemo */ = {
			isa = PBXGroup;
			children = (
				178B720C1C93EFB300B5947A /* AppDelegate.h */,
				178B720D1C93EFB300B5947A /* AppDelegate.m */,
				178B720F1C93EFB300B5947A /* LoginViewController.h */,
				178B72101C93EFB300B5947A /* LoginViewController.m */,
				178B72121C93EFB300B5947A /* Main.storyboard */,
				178B72221C940AA200B5947A /* Sign-Up */,
				178B72151C93EFB300B5947A /* Assets.xcassets */,
				178B72171C93EFB300B5947A /* LaunchScreen.storyboard */,
				178B721A1C93EFB300B5947A /* Info.plist */,
				178B72091C93EFB300B5947A /* Supporting Files */,
			);
			path = LoginDemo;
			sourceTree = "<group>";
		};
		178B72091C93EFB300B5947A /* Supporting Files */ = {
			isa = PBXGroup;
			children = (
				178B720A1C93EFB300B5947A /* main.m */,
			);
			name = "Supporting Files";
			sourceTree = "<group>";
		};
		178B72221C940AA200B5947A /* Sign-Up */ = {
			isa = PBXGroup;
			children = (
				178B72231C940AE700B5947A /* SignUp.storyboard */,
				178B72251C940D9A00B5947A /* SignUpViewController.h */,
				178B72261C940D9A00B5947A /* SignUpViewController.m */,
				178B72281C94129D00B5947A /* LocationViewController.h */,
				178B72291C94129D00B5947A /* LocationViewController.m */,
				178B722B1C9412B800B5947A /* SecurityViewController.h */,
				178B722C1C9412B800B5947A /* SecurityViewController.m */,
			);
			name = "Sign-Up";
			sourceTree = "<group>";
		};
/* End PBXGroup section */

/* Begin PBXNativeTarget section */
		178B72051C93EFB300B5947A /* LoginDemo */ = {
			isa = PBXNativeTarget;
			buildConfigurationList = 178B721D1C93EFB300B5947A /* Build configuration list for PBXNativeTarget "LoginDemo" */;
			buildPhases = (
				178B72021C93EFB300B5947A /* Sources */,
				178B72031C93EFB300B5947A /* Frameworks */,
				178B72041C93EFB300B5947A /* Resources */,
			);
			buildRules = (
			);
			dependencies = (
			);
			name = LoginDemo;
			productName = LoginDemo;
			productReference = 178B72061C93EFB300B5947A /* LoginDemo.app */;
			productType = "com.apple.product-type.application";
		};
/* End PBXNativeTarget section */

/* Begin PBXProject section */
		178B71FE1C93EFB300B5947A /* Project object */ = {
			isa = PBXProject;
			attributes = {
				LastUpgradeCheck = 0720;
				ORGANIZATIONNAME = "Ilone Labs";
				TargetAttributes = {
					178B72051C93EFB300B5947A = {
						CreatedOnToolsVersion = 7.2.1;
						DevelopmentTeam = RGST57P8UR;
					};
				};
			};
			buildConfigurationList = 178B72011C93EFB300B5947A /* Build configuration list for PBXProject "LoginDemo" */;
			compatibilityVersion = "Xcode 3.2";
			developmentRegion = English;
			hasScannedForEncodings = 0;
			knownRegions = (
				en,
				Base,
			);
			mainGroup = 178B71FD1C93EFB300B5947A;
			productRefGroup = 178B72071C93EFB300B5947A /* Products */;
			projectDirPath = "";
			projectRoot = "";
			targets = (
				178B72051C93EFB300B5947A /* LoginDemo */,
			);
		};
/* End PBXProject section */

/* Begin PBXResourcesBuildPhase section */
		178B72041C93EFB300B5947A /* Resources */ = {
			isa = PBXResourcesBuildPhase;
			buildActionMask = 2147483647;
			files = (
				178B72191C93EFB300B5947A /* LaunchScreen.storyboard in Resources */,
				178B72161C93EFB300B5947A /* Assets.xcassets in Resources */,
				178B72241C940AE700B5947A /* SignUp.storyboard in Resources */,
				178B72141C93EFB300B5947A /* Main.storyboard in Resources */,
			);
			runOnlyForDeploymentPostprocessing = 0;
		};
/* End PBXResourcesBuildPhase section */

/* Begin PBXSourcesBuildPhase section */
		178B72021C93EFB300B5947A /* Sources */ = {
			isa = PBXSourcesBuildPhase;
			buildActionMask = 2147483647;
			files = (
				178B722D1C9412B800B5947A /* SecurityViewController.m in Sources */,
				178B72111C93EFB300B5947A /* LoginViewController.m in Sources */,
				178B720E1C93EFB300B5947A /* AppDelegate.m in Sources */,
				178B72271C940D9A00B5947A /* SignUpViewController.m in Sources */,
				178B720B1C93EFB300B5947A /* main.m in Sources */,
				178B722A1C94129D00B5947A /* LocationViewController.m in Sources */,
			);
			runOnlyForDeploymentPostprocessing = 0;
		};
/* End PBXSourcesBuildPhase section */

/* Begin PBXVariantGroup section */
		178B72121C93EFB300B5947A /* Main.storyboard */ = {
			isa = PBXVariantGroup;
			children = (
				178B72131C93EFB300B5947A /* Base */,
			);
			name = Main.storyboard;
			sourceTree = "<group>";
		};
		178B72171C93EFB300B5947A /* LaunchScreen.storyboard */ = {
			isa = PBXVariantGroup;
			children = (
				178B72181C93EFB300B5947A /* Base */,
			);
			name = LaunchScreen.storyboard;
			sourceTree = "<group>";
		};
/* End PBXVariantGroup section */

/* Begin XCBuildConfiguration section */
		178B721B1C93EFB300B5947A /* Debug */ = {
			isa = XCBuildConfiguration;
			buildSettings = {
				ALWAYS_SEARCH_USER_PATHS = NO;
				CLANG_CXX_LANGUAGE_STANDARD = "gnu++0x";
				CLANG_CXX_LIBRARY = "libc++";
				CLANG_ENABLE_MODULES = YES;
				CLANG_ENABLE_OBJC_ARC = YES;
				CLANG_WARN_BOOL_CONVERSION = YES;
				CLANG_WARN_CONSTANT_CONVERSION = YES;
				CLANG_WARN_DIRECT_OBJC_ISA_USAGE = YES_ERROR;
				CLANG_WARN_EMPTY_BODY = YES;
				CLANG_WARN_ENUM_CONVERSION = YES;
				CLANG_WARN_INT_CONVERSION = YES;
				CLANG_WARN_OBJC_ROOT_CLASS = YES_ERROR;
				CLANG_WARN_UNREACHABLE_CODE = YES;
				CLANG_WARN__DUPLICATE_METHOD_MATCH = YES;
				"CODE_SIGN_IDENTITY[sdk=iphoneos*]" = "iPhone Developer";
				COPY_PHASE_STRIP = NO;
				DEBUG_INFORMATION_FORMAT = dwarf;
				ENABLE_STRICT_OBJC_MSGSEND = YES;
				ENABLE_TESTABILITY = YES;
				GCC_C_LANGUAGE_STANDARD = gnu99;
				GCC_DYNAMIC_NO_PIC = NO;
				GCC_NO_COMMON_BLOCKS = YES;
				GCC_OPTIMIZATION_LEVEL = 0;
				GCC_PREPROCESSOR_DEFINITIONS = (
					"DEBUG=1",
					"$(inherited)",
				);
				GCC_WARN_64_TO_32_BIT_CONVERSION = YES;
				GCC_WARN_ABOUT_RETURN_TYPE = YES_ERROR;
				GCC_WARN_UNDECLARED_SELECTOR = YES;
				GCC_WARN_UNINITIALIZED_AUTOS = YES_AGGRESSIVE;
				GCC_WARN_UNUSED_FUNCTION = YES;
				GCC_WARN_UNUSED_VARIABLE = YES;
				IPHONEOS_DEPLOYMENT_TARGET = 9.2;
				MTL_ENABLE_DEBUG_INFO = YES;
				ONLY_ACTIVE_ARCH = YES;
				SDKROOT = iphoneos;
			};
			name = Debug;
		};
		178B721C1C93EFB300B5947A /* Release */ = {
			isa = XCBuildConfiguration;
			buildSettings = {
				ALWAYS_SEARCH_USER_PATHS = NO;
				CLANG_CXX_LANGUAGE_STANDARD = "gnu++0x";
				CLANG_CXX_LIBRARY = "libc++";
				CLANG_ENABLE_MODULES = YES;
				CLANG_ENABLE_OBJC_ARC = YES;
				CLANG_WARN_BOOL_CONVERSION = YES;
				CLANG_WARN_CONSTANT_CONVERSION = YES;
				CLANG_WARN_DIRECT_OBJC_ISA_USAGE = YES_ERROR;
				CLANG_WARN_EMPTY_BODY = YES;
				CLANG_WARN_ENUM_CONVERSION = YES;
				CLANG_WARN_INT_CONVERSION = YES;
				CLANG_WARN_OBJC_ROOT_CLASS = YES_ERROR;
				CLANG_WARN_UNREACHABLE_CODE = YES;
				CLANG_WARN__DUPLICATE_METHOD_MATCH = YES;
				"CODE_SIGN_IDENTITY[sdk=iphoneos*]" = "iPhone Developer";
				COPY_PHASE_STRIP = NO;
				DEBUG_INFORMATION_FORMAT = "dwarf-with-dsym";
				ENABLE_NS_ASSERTIONS = NO;
				ENABLE_STRICT_OBJC_MSGSEND = YES;
				GCC_C_LANGUAGE_STANDARD = gnu99;
				GCC_NO_COMMON_BLOCKS = YES;
				GCC_WARN_64_TO_32_BIT_CONVERSION = YES;
				GCC_WARN_ABOUT_RETURN_TYPE = YES_ERROR;
				GCC_WARN_UNDECLARED_SELECTOR = YES;
				GCC_WARN_UNINITIALIZED_AUTOS = YES_AGGRESSIVE;
				GCC_WARN_UNUSED_FUNCTION = YES;
				GCC_WARN_UNUSED_VARIABLE = YES;
				IPHONEOS_DEPLOYMENT_TARGET = 9.2;
				MTL_ENABLE_DEBUG_INFO = NO;
				SDKROOT = iphoneos;
				VALIDATE_PRODUCT = YES;
			};
			name = Release;
		};
		178B721E1C93EFB300B5947A /* Debug */ = {
			isa = XCBuildConfiguration;
			buildSettings = {
				ASSETCATALOG_COMPILER_APPICON_NAME = AppIcon;
				INFOPLIST_FILE = LoginDemo/Info.plist;
				LD_RUNPATH_SEARCH_PATHS = "$(inherited) @executable_path/Frameworks";
				PRODUCT_BUNDLE_IDENTIFIER = com.irfanprograms.LoginDemo;
				PRODUCT_NAME = "$(TARGET_NAME)";
			};
			name = Debug;
		};
		178B721F1C93EFB300B5947A /* Release */ = {
			isa = XCBuildConfiguration;
			buildSettings = {
				ASSETCATALOG_COMPILER_APPICON_NAME = AppIcon;
				INFOPLIST_FILE = LoginDemo/Info.plist;
				LD_RUNPATH_SEARCH_PATHS = "$(inherited) @executable_path/Frameworks";
				PRODUCT_BUNDLE_IDENTIFIER = com.irfanprograms.LoginDemo;
				PRODUCT_NAME = "$(TARGET_NAME)";
			};
			name = Release;
		};
/* End XCBuildConfiguration section */

/* Begin XCConfigurationList section */
		178B72011C93EFB300B5947A /* Build configuration list for PBXProject "LoginDemo" */ = {
			isa = XCConfigurationList;
			buildConfigurations = (
				178B721B1C93EFB300B5947A /* Debug */,
				178B721C1C93EFB300B5947A /* Release */,
			);
			defaultConfigurationIsVisible = 0;
			defaultConfigurationName = Release;
		};
		178B721D1C93EFB300B5947A /* Build configuration list for PBXNativeTarget "LoginDemo" */ = {
			isa = XCConfigurationList;
			buildConfigurations = (
				178B721E1C93EFB300B5947A /* Debug */,
				178B721F1C93EFB300B5947A /* Release */,
			);
			defaultConfigurationIsVisible = 0;
			defaultConfigurationName = Release;
		};
/* End XCConfigurationList section */
	};
	rootObject = 178B71FE1C93EFB300B5947A /* Project object */;
}
